// !$*UTF8*$!
{
	archiveVersion = 1;
	classes = {
	};
	objectVersion = 51;
	objects = {

/* Begin PBXBuildFile section */
		8D86EA69B0B0BE9FF1F1A985 /* Pods_RealTimeChatroom.framework in Frameworks */ = {isa = PBXBuildFile; fileRef = 143AE066D14FADFC2244D86A /* Pods_RealTimeChatroom.framework */; };
		D488F63A26BC7717008DA6F7 /* AppDelegate.swift in Sources */ = {isa = PBXBuildFile; fileRef = D488F63926BC7717008DA6F7 /* AppDelegate.swift */; };
		D488F63C26BC7717008DA6F7 /* SceneDelegate.swift in Sources */ = {isa = PBXBuildFile; fileRef = D488F63B26BC7717008DA6F7 /* SceneDelegate.swift */; };
		D488F63E26BC7717008DA6F7 /* ConversationViewController.swift in Sources */ = {isa = PBXBuildFile; fileRef = D488F63D26BC7717008DA6F7 /* ConversationViewController.swift */; };
		D488F64126BC7717008DA6F7 /* Main.storyboard in Resources */ = {isa = PBXBuildFile; fileRef = D488F63F26BC7717008DA6F7 /* Main.storyboard */; };
		D488F64326BC771E008DA6F7 /* Assets.xcassets in Resources */ = {isa = PBXBuildFile; fileRef = D488F64226BC771E008DA6F7 /* Assets.xcassets */; };
		D488F64626BC771E008DA6F7 /* LaunchScreen.storyboard in Resources */ = {isa = PBXBuildFile; fileRef = D488F64426BC771E008DA6F7 /* LaunchScreen.storyboard */; };
		D488F65426BC7991008DA6F7 /* LoginViewController.swift in Sources */ = {isa = PBXBuildFile; fileRef = D488F65326BC7991008DA6F7 /* LoginViewController.swift */; };
		D488F65626BC79A5008DA6F7 /* RegisterViewController.swift in Sources */ = {isa = PBXBuildFile; fileRef = D488F65526BC79A5008DA6F7 /* RegisterViewController.swift */; };
		D488F65826BC79C3008DA6F7 /* PhotoViewerViewController.swift in Sources */ = {isa = PBXBuildFile; fileRef = D488F65726BC79C3008DA6F7 /* PhotoViewerViewController.swift */; };
		D488F65A26BC79D1008DA6F7 /* VideoPlayerViewController.swift in Sources */ = {isa = PBXBuildFile; fileRef = D488F65926BC79D1008DA6F7 /* VideoPlayerViewController.swift */; };
		D488F65C26BC79FB008DA6F7 /* NewConversationViewController.swift in Sources */ = {isa = PBXBuildFile; fileRef = D488F65B26BC79FB008DA6F7 /* NewConversationViewController.swift */; };
		D488F65E26BC7A2F008DA6F7 /* ProfileViewController.swift in Sources */ = {isa = PBXBuildFile; fileRef = D488F65D26BC7A2F008DA6F7 /* ProfileViewController.swift */; };
		D488F66126C191D4008DA6F7 /* Extensions.swift in Sources */ = {isa = PBXBuildFile; fileRef = D488F66026C191D4008DA6F7 /* Extensions.swift */; };
		D488F66326C56C84008DA6F7 /* GoogleService-Info.plist in Resources */ = {isa = PBXBuildFile; fileRef = D488F66226C56C84008DA6F7 /* GoogleService-Info.plist */; };
		D488F66526C71FB1008DA6F7 /* DatabaseManager.swift in Sources */ = {isa = PBXBuildFile; fileRef = D488F66426C71FB0008DA6F7 /* DatabaseManager.swift */; };
/* End PBXBuildFile section */

/* Begin PBXFileReference section */
		066478F52577EAAB6F0D0886 /* Pods-RealTimeChatroom.release.xcconfig */ = {isa = PBXFileReference; includeInIndex = 1; lastKnownFileType = text.xcconfig; name = "Pods-RealTimeChatroom.release.xcconfig"; path = "Target Support Files/Pods-RealTimeChatroom/Pods-RealTimeChatroom.release.xcconfig"; sourceTree = "<group>"; };
		143AE066D14FADFC2244D86A /* Pods_RealTimeChatroom.framework */ = {isa = PBXFileReference; explicitFileType = wrapper.framework; includeInIndex = 0; path = Pods_RealTimeChatroom.framework; sourceTree = BUILT_PRODUCTS_DIR; };
		791D55ADFFB2CA79CA6E2A28 /* Pods-RealTimeChatroom.debug.xcconfig */ = {isa = PBXFileReference; includeInIndex = 1; lastKnownFileType = text.xcconfig; name = "Pods-RealTimeChatroom.debug.xcconfig"; path = "Target Support Files/Pods-RealTimeChatroom/Pods-RealTimeChatroom.debug.xcconfig"; sourceTree = "<group>"; };
		D488F63626BC7717008DA6F7 /* RealTimeChatroom.app */ = {isa = PBXFileReference; explicitFileType = wrapper.application; includeInIndex = 0; path = RealTimeChatroom.app; sourceTree = BUILT_PRODUCTS_DIR; };
		D488F63926BC7717008DA6F7 /* AppDelegate.swift */ = {isa = PBXFileReference; lastKnownFileType = sourcecode.swift; path = AppDelegate.swift; sourceTree = "<group>"; };
		D488F63B26BC7717008DA6F7 /* SceneDelegate.swift */ = {isa = PBXFileReference; lastKnownFileType = sourcecode.swift; path = SceneDelegate.swift; sourceTree = "<group>"; };
		D488F63D26BC7717008DA6F7 /* ConversationViewController.swift */ = {isa = PBXFileReference; lastKnownFileType = sourcecode.swift; path = ConversationViewController.swift; sourceTree = "<group>"; };
		D488F64026BC7717008DA6F7 /* Base */ = {isa = PBXFileReference; lastKnownFileType = file.storyboard; name = Base; path = Base.lproj/Main.storyboard; sourceTree = "<group>"; };
		D488F64226BC771E008DA6F7 /* Assets.xcassets */ = {isa = PBXFileReference; lastKnownFileType = folder.assetcatalog; path = Assets.xcassets; sourceTree = "<group>"; };
		D488F64526BC771E008DA6F7 /* Base */ = {isa = PBXFileReference; lastKnownFileType = file.storyboard; name = Base; path = Base.lproj/LaunchScreen.storyboard; sourceTree = "<group>"; };
		D488F64726BC771E008DA6F7 /* Info.plist */ = {isa = PBXFileReference; lastKnownFileType = text.plist.xml; path = Info.plist; sourceTree = "<group>"; };
		D488F65326BC7991008DA6F7 /* LoginViewController.swift */ = {isa = PBXFileReference; lastKnownFileType = sourcecode.swift; path = LoginViewController.swift; sourceTree = "<group>"; };
		D488F65526BC79A5008DA6F7 /* RegisterViewController.swift */ = {isa = PBXFileReference; lastKnownFileType = sourcecode.swift; path = RegisterViewController.swift; sourceTree = "<group>"; };
		D488F65726BC79C3008DA6F7 /* PhotoViewerViewController.swift */ = {isa = PBXFileReference; lastKnownFileType = sourcecode.swift; path = PhotoViewerViewController.swift; sourceTree = "<group>"; };
		D488F65926BC79D1008DA6F7 /* VideoPlayerViewController.swift */ = {isa = PBXFileReference; lastKnownFileType = sourcecode.swift; path = VideoPlayerViewController.swift; sourceTree = "<group>"; };
		D488F65B26BC79FB008DA6F7 /* NewConversationViewController.swift */ = {isa = PBXFileReference; lastKnownFileType = sourcecode.swift; path = NewConversationViewController.swift; sourceTree = "<group>"; };
		D488F65D26BC7A2F008DA6F7 /* ProfileViewController.swift */ = {isa = PBXFileReference; lastKnownFileType = sourcecode.swift; path = ProfileViewController.swift; sourceTree = "<group>"; };
		D488F66026C191D4008DA6F7 /* Extensions.swift */ = {isa = PBXFileReference; lastKnownFileType = sourcecode.swift; path = Extensions.swift; sourceTree = "<group>"; };
		D488F66226C56C84008DA6F7 /* GoogleService-Info.plist */ = {isa = PBXFileReference; fileEncoding = 4; lastKnownFileType = text.plist.xml; name = "GoogleService-Info.plist"; path = "../../../../../Downloads/GoogleService-Info.plist"; sourceTree = "<group>"; };
		D488F66426C71FB0008DA6F7 /* DatabaseManager.swift */ = {isa = PBXFileReference; lastKnownFileType = sourcecode.swift; path = DatabaseManager.swift; sourceTree = "<group>"; };
		D488F66626C7CC88008DA6F7 /* Debug.xcconfig */ = {isa = PBXFileReference; lastKnownFileType = text.xcconfig; path = Debug.xcconfig; sourceTree = "<group>"; };
/* End PBXFileReference section */

/* Begin PBXFrameworksBuildPhase section */
		D488F63326BC7717008DA6F7 /* Frameworks */ = {
			isa = PBXFrameworksBuildPhase;
			buildActionMask = 2147483647;
			files = (
				8D86EA69B0B0BE9FF1F1A985 /* Pods_RealTimeChatroom.framework in Frameworks */,
			);
			runOnlyForDeploymentPostprocessing = 0;
		};
/* End PBXFrameworksBuildPhase section */

/* Begin PBXGroup section */
		42A73889DEED7E05F3573E5E /* Frameworks */ = {
			isa = PBXGroup;
			children = (
				143AE066D14FADFC2244D86A /* Pods_RealTimeChatroom.framework */,
			);
			name = Frameworks;
			sourceTree = "<group>";
		};
		D488F62D26BC7717008DA6F7 = {
			isa = PBXGroup;
			children = (
				D488F66726C7CE18008DA6F7 /* Configs */,
				D488F63826BC7717008DA6F7 /* RealTimeChatApp */,
				D488F63726BC7717008DA6F7 /* Products */,
				EEF91E5380834C0C10D1EDF0 /* Pods */,
				42A73889DEED7E05F3573E5E /* Frameworks */,
			);
			sourceTree = "<group>";
		};
		D488F63726BC7717008DA6F7 /* Products */ = {
			isa = PBXGroup;
			children = (
				D488F63626BC7717008DA6F7 /* RealTimeChatroom.app */,
			);
			name = Products;
			sourceTree = "<group>";
		};
		D488F63826BC7717008DA6F7 /* RealTimeChatApp */ = {
			isa = PBXGroup;
			children = (
				D488F66226C56C84008DA6F7 /* GoogleService-Info.plist */,
				D488F65126BC7880008DA6F7 /* Controllers */,
				D488F65026BC7879008DA6F7 /* Views */,
				D488F64F26BC7872008DA6F7 /* Models */,
				D488F64E26BC786A008DA6F7 /* ViewModels */,
				D488F64D26BC785F008DA6F7 /* Resourses */,
				D488F64726BC771E008DA6F7 /* Info.plist */,
			);
			path = RealTimeChatApp;
			sourceTree = "<group>";
		};
		D488F64D26BC785F008DA6F7 /* Resourses */ = {
			isa = PBXGroup;
			children = (
				D488F63926BC7717008DA6F7 /* AppDelegate.swift */,
				D488F63B26BC7717008DA6F7 /* SceneDelegate.swift */,
				D488F66026C191D4008DA6F7 /* Extensions.swift */,
				D488F66426C71FB0008DA6F7 /* DatabaseManager.swift */,
			);
			path = Resourses;
			sourceTree = "<group>";
		};
		D488F64E26BC786A008DA6F7 /* ViewModels */ = {
			isa = PBXGroup;
			children = (
			);
			path = ViewModels;
			sourceTree = "<group>";
		};
		D488F64F26BC7872008DA6F7 /* Models */ = {
			isa = PBXGroup;
			children = (
			);
			path = Models;
			sourceTree = "<group>";
		};
		D488F65026BC7879008DA6F7 /* Views */ = {
			isa = PBXGroup;
			children = (
				D488F65226BC78B3008DA6F7 /* Storyboards */,
				D488F64226BC771E008DA6F7 /* Assets.xcassets */,
			);
			path = Views;
			sourceTree = "<group>";
		};
		D488F65126BC7880008DA6F7 /* Controllers */ = {
			isa = PBXGroup;
			children = (
				D488F63D26BC7717008DA6F7 /* ConversationViewController.swift */,
				D488F65F26BDB3B4008DA6F7 /* Login */,
				D488F65726BC79C3008DA6F7 /* PhotoViewerViewController.swift */,
				D488F65926BC79D1008DA6F7 /* VideoPlayerViewController.swift */,
				D488F65B26BC79FB008DA6F7 /* NewConversationViewController.swift */,
				D488F65D26BC7A2F008DA6F7 /* ProfileViewController.swift */,
			);
			path = Controllers;
			sourceTree = "<group>";
		};
		D488F65226BC78B3008DA6F7 /* Storyboards */ = {
			isa = PBXGroup;
			children = (
				D488F63F26BC7717008DA6F7 /* Main.storyboard */,
				D488F64426BC771E008DA6F7 /* LaunchScreen.storyboard */,
			);
			path = Storyboards;
			sourceTree = "<group>";
		};
		D488F65F26BDB3B4008DA6F7 /* Login */ = {
			isa = PBXGroup;
			children = (
				D488F65326BC7991008DA6F7 /* LoginViewController.swift */,
				D488F65526BC79A5008DA6F7 /* RegisterViewController.swift */,
			);
			path = Login;
			sourceTree = "<group>";
		};
		D488F66726C7CE18008DA6F7 /* Configs */ = {
			isa = PBXGroup;
			children = (
				D488F66626C7CC88008DA6F7 /* Debug.xcconfig */,
			);
			path = Configs;
			sourceTree = "<group>";
		};
		EEF91E5380834C0C10D1EDF0 /* Pods */ = {
			isa = PBXGroup;
			children = (
				791D55ADFFB2CA79CA6E2A28 /* Pods-RealTimeChatroom.debug.xcconfig */,
				066478F52577EAAB6F0D0886 /* Pods-RealTimeChatroom.release.xcconfig */,
			);
			path = Pods;
			sourceTree = "<group>";
		};
/* End PBXGroup section */

/* Begin PBXNativeTarget section */
		D488F63526BC7717008DA6F7 /* RealTimeChatroom */ = {
			isa = PBXNativeTarget;
			buildConfigurationList = D488F64A26BC771E008DA6F7 /* Build configuration list for PBXNativeTarget "RealTimeChatroom" */;
			buildPhases = (
				8074BCDA90E4E5E15119D46D /* [CP] Check Pods Manifest.lock */,
				D488F63226BC7717008DA6F7 /* Sources */,
				D488F63326BC7717008DA6F7 /* Frameworks */,
				D488F63426BC7717008DA6F7 /* Resources */,
				E137F3B560B44055E8D6E993 /* [CP] Embed Pods Frameworks */,
			);
			buildRules = (
			);
			dependencies = (
			);
			name = RealTimeChatroom;
			productName = RealTimeChatApp;
			productReference = D488F63626BC7717008DA6F7 /* RealTimeChatroom.app */;
			productType = "com.apple.product-type.application";
		};
/* End PBXNativeTarget section */

/* Begin PBXProject section */
		D488F62E26BC7717008DA6F7 /* Project object */ = {
			isa = PBXProject;
			attributes = {
				LastSwiftUpdateCheck = 1250;
				LastUpgradeCheck = 1250;
				TargetAttributes = {
					D488F63526BC7717008DA6F7 = {
						CreatedOnToolsVersion = 12.5.1;
					};
				};
			};
			buildConfigurationList = D488F63126BC7717008DA6F7 /* Build configuration list for PBXProject "RealTimeChatroom" */;
			compatibilityVersion = "Xcode 9.3";
			developmentRegion = en;
			hasScannedForEncodings = 0;
			knownRegions = (
				en,
				Base,
			);
			mainGroup = D488F62D26BC7717008DA6F7;
			productRefGroup = D488F63726BC7717008DA6F7 /* Products */;
			projectDirPath = "";
			projectRoot = "";
			targets = (
				D488F63526BC7717008DA6F7 /* RealTimeChatroom */,
			);
		};
/* End PBXProject section */

/* Begin PBXResourcesBuildPhase section */
		D488F63426BC7717008DA6F7 /* Resources */ = {
			isa = PBXResourcesBuildPhase;
			buildActionMask = 2147483647;
			files = (
				D488F64626BC771E008DA6F7 /* LaunchScreen.storyboard in Resources */,
				D488F66326C56C84008DA6F7 /* GoogleService-Info.plist in Resources */,
				D488F64326BC771E008DA6F7 /* Assets.xcassets in Resources */,
				D488F64126BC7717008DA6F7 /* Main.storyboard in Resources */,
			);
			runOnlyForDeploymentPostprocessing = 0;
		};
/* End PBXResourcesBuildPhase section */

/* Begin PBXShellScriptBuildPhase section */
		8074BCDA90E4E5E15119D46D /* [CP] Check Pods Manifest.lock */ = {
			isa = PBXShellScriptBuildPhase;
			buildActionMask = 2147483647;
			files = (
			);
			inputFileListPaths = (
			);
			inputPaths = (
				"${PODS_PODFILE_DIR_PATH}/Podfile.lock",
				"${PODS_ROOT}/Manifest.lock",
			);
			name = "[CP] Check Pods Manifest.lock";
			outputFileListPaths = (
			);
			outputPaths = (
				"$(DERIVED_FILE_DIR)/Pods-RealTimeChatroom-checkManifestLockResult.txt",
			);
			runOnlyForDeploymentPostprocessing = 0;
			shellPath = /bin/sh;
			shellScript = "diff \"${PODS_PODFILE_DIR_PATH}/Podfile.lock\" \"${PODS_ROOT}/Manifest.lock\" > /dev/null\nif [ $? != 0 ] ; then\n    # print error to STDERR\n    echo \"error: The sandbox is not in sync with the Podfile.lock. Run 'pod install' or update your CocoaPods installation.\" >&2\n    exit 1\nfi\n# This output is used by Xcode 'outputs' to avoid re-running this script phase.\necho \"SUCCESS\" > \"${SCRIPT_OUTPUT_FILE_0}\"\n";
			showEnvVarsInLog = 0;
		};
		E137F3B560B44055E8D6E993 /* [CP] Embed Pods Frameworks */ = {
			isa = PBXShellScriptBuildPhase;
			buildActionMask = 2147483647;
			files = (
			);
			inputFileListPaths = (
				"${PODS_ROOT}/Target Support Files/Pods-RealTimeChatroom/Pods-RealTimeChatroom-frameworks-${CONFIGURATION}-input-files.xcfilelist",
			);
			name = "[CP] Embed Pods Frameworks";
			outputFileListPaths = (
				"${PODS_ROOT}/Target Support Files/Pods-RealTimeChatroom/Pods-RealTimeChatroom-frameworks-${CONFIGURATION}-output-files.xcfilelist",
			);
			runOnlyForDeploymentPostprocessing = 0;
			shellPath = /bin/sh;
			shellScript = "\"${PODS_ROOT}/Target Support Files/Pods-RealTimeChatroom/Pods-RealTimeChatroom-frameworks.sh\"\n";
			showEnvVarsInLog = 0;
		};
/* End PBXShellScriptBuildPhase section */

/* Begin PBXSourcesBuildPhase section */
		D488F63226BC7717008DA6F7 /* Sources */ = {
			isa = PBXSourcesBuildPhase;
			buildActionMask = 2147483647;
			files = (
				D488F65426BC7991008DA6F7 /* LoginViewController.swift in Sources */,
				D488F66526C71FB1008DA6F7 /* DatabaseManager.swift in Sources */,
				D488F65626BC79A5008DA6F7 /* RegisterViewController.swift in Sources */,
				D488F65C26BC79FB008DA6F7 /* NewConversationViewController.swift in Sources */,
				D488F63E26BC7717008DA6F7 /* ConversationViewController.swift in Sources */,
				D488F65A26BC79D1008DA6F7 /* VideoPlayerViewController.swift in Sources */,
				D488F66126C191D4008DA6F7 /* Extensions.swift in Sources */,
				D488F63A26BC7717008DA6F7 /* AppDelegate.swift in Sources */,
				D488F65E26BC7A2F008DA6F7 /* ProfileViewController.swift in Sources */,
				D488F63C26BC7717008DA6F7 /* SceneDelegate.swift in Sources */,
				D488F65826BC79C3008DA6F7 /* PhotoViewerViewController.swift in Sources */,
			);
			runOnlyForDeploymentPostprocessing = 0;
		};
/* End PBXSourcesBuildPhase section */

/* Begin PBXVariantGroup section */
		D488F63F26BC7717008DA6F7 /* Main.storyboard */ = {
			isa = PBXVariantGroup;
			children = (
				D488F64026BC7717008DA6F7 /* Base */,
			);
			name = Main.storyboard;
			sourceTree = "<group>";
		};
		D488F64426BC771E008DA6F7 /* LaunchScreen.storyboard */ = {
			isa = PBXVariantGroup;
			children = (
				D488F64526BC771E008DA6F7 /* Base */,
			);
			name = LaunchScreen.storyboard;
			sourceTree = "<group>";
		};
/* End PBXVariantGroup section */

/* Begin XCBuildConfiguration section */
		D488F64826BC771E008DA6F7 /* Debug */ = {
			isa = XCBuildConfiguration;
			baseConfigurationReference = D488F66626C7CC88008DA6F7 /* Debug.xcconfig */;
			buildSettings = {
				ALWAYS_SEARCH_USER_PATHS = NO;
				CLANG_ANALYZER_NONNULL = YES;
				CLANG_ANALYZER_NUMBER_OBJECT_CONVERSION = YES_AGGRESSIVE;
				CLANG_CXX_LANGUAGE_STANDARD = "gnu++14";
				CLANG_CXX_LIBRARY = "libc++";
				CLANG_ENABLE_MODULES = YES;
				CLANG_ENABLE_OBJC_ARC = YES;
				CLANG_ENABLE_OBJC_WEAK = YES;
				CLANG_WARN_BLOCK_CAPTURE_AUTORELEASING = YES;
				CLANG_WARN_BOOL_CONVERSION = YES;
				CLANG_WARN_COMMA = YES;
				CLANG_WARN_CONSTANT_CONVERSION = YES;
				CLANG_WARN_DEPRECATED_OBJC_IMPLEMENTATIONS = YES;
				CLANG_WARN_DIRECT_OBJC_ISA_USAGE = YES_ERROR;
				CLANG_WARN_DOCUMENTATION_COMMENTS = YES;
				CLANG_WARN_EMPTY_BODY = YES;
				CLANG_WARN_ENUM_CONVERSION = YES;
				CLANG_WARN_INFINITE_RECURSION = YES;
				CLANG_WARN_INT_CONVERSION = YES;
				CLANG_WARN_NON_LITERAL_NULL_CONVERSION = YES;
				CLANG_WARN_OBJC_IMPLICIT_RETAIN_SELF = YES;
				CLANG_WARN_OBJC_LITERAL_CONVERSION = YES;
				CLANG_WARN_OBJC_ROOT_CLASS = YES_ERROR;
				CLANG_WARN_QUOTED_INCLUDE_IN_FRAMEWORK_HEADER = YES;
				CLANG_WARN_RANGE_LOOP_ANALYSIS = YES;
				CLANG_WARN_STRICT_PROTOTYPES = YES;
				CLANG_WARN_SUSPICIOUS_MOVE = YES;
				CLANG_WARN_UNGUARDED_AVAILABILITY = YES_AGGRESSIVE;
				CLANG_WARN_UNREACHABLE_CODE = YES;
				CLANG_WARN__DUPLICATE_METHOD_MATCH = YES;
				COPY_PHASE_STRIP = NO;
				DEBUG_INFORMATION_FORMAT = dwarf;
				ENABLE_STRICT_OBJC_MSGSEND = YES;
				ENABLE_TESTABILITY = YES;
				GCC_C_LANGUAGE_STANDARD = gnu11;
				GCC_DYNAMIC_NO_PIC = NO;
				GCC_NO_COMMON_BLOCKS = YES;
				GCC_OPTIMIZATION_LEVEL = 0;
				GCC_PREPROCESSOR_DEFINITIONS = (
					"DEBUG=1",
					"$(inherited)",
				);
				GCC_WARN_64_TO_32_BIT_CONVERSION = YES;
				GCC_WARN_ABOUT_RETURN_TYPE = YES_ERROR;
				GCC_WARN_UNDECLARED_SELECTOR = YES;
				GCC_WARN_UNINITIALIZED_AUTOS = YES_AGGRESSIVE;
				GCC_WARN_UNUSED_FUNCTION = YES;
				GCC_WARN_UNUSED_VARIABLE = YES;
				IPHONEOS_DEPLOYMENT_TARGET = 14.5;
				MTL_ENABLE_DEBUG_INFO = INCLUDE_SOURCE;
				MTL_FAST_MATH = YES;
				ONLY_ACTIVE_ARCH = YES;
				SDKROOT = iphoneos;
				SWIFT_ACTIVE_COMPILATION_CONDITIONS = DEBUG;
				SWIFT_OPTIMIZATION_LEVEL = "-Onone";
			};
			name = Debug;
		};
		D488F64926BC771E008DA6F7 /* Release */ = {
			isa = XCBuildConfiguration;
			buildSettings = {
				ALWAYS_SEARCH_USER_PATHS = NO;
				CLANG_ANALYZER_NONNULL = YES;
				CLANG_ANALYZER_NUMBER_OBJECT_CONVERSION = YES_AGGRESSIVE;
				CLANG_CXX_LANGUAGE_STANDARD = "gnu++14";
				CLANG_CXX_LIBRARY = "libc++";
				CLANG_ENABLE_MODULES = YES;
				CLANG_ENABLE_OBJC_ARC = YES;
				CLANG_ENABLE_OBJC_WEAK = YES;
				CLANG_WARN_BLOCK_CAPTURE_AUTORELEASING = YES;
				CLANG_WARN_BOOL_CONVERSION = YES;
				CLANG_WARN_COMMA = YES;
				CLANG_WARN_CONSTANT_CONVERSION = YES;
				CLANG_WARN_DEPRECATED_OBJC_IMPLEMENTATIONS = YES;
				CLANG_WARN_DIRECT_OBJC_ISA_USAGE = YES_ERROR;
				CLANG_WARN_DOCUMENTATION_COMMENTS = YES;
				CLANG_WARN_EMPTY_BODY = YES;
				CLANG_WARN_ENUM_CONVERSION = YES;
				CLANG_WARN_INFINITE_RECURSION = YES;
				CLANG_WARN_INT_CONVERSION = YES;
				CLANG_WARN_NON_LITERAL_NULL_CONVERSION = YES;
				CLANG_WARN_OBJC_IMPLICIT_RETAIN_SELF = YES;
				CLANG_WARN_OBJC_LITERAL_CONVERSION = YES;
				CLANG_WARN_OBJC_ROOT_CLASS = YES_ERROR;
				CLANG_WARN_QUOTED_INCLUDE_IN_FRAMEWORK_HEADER = YES;
				CLANG_WARN_RANGE_LOOP_ANALYSIS = YES;
				CLANG_WARN_STRICT_PROTOTYPES = YES;
				CLANG_WARN_SUSPICIOUS_MOVE = YES;
				CLANG_WARN_UNGUARDED_AVAILABILITY = YES_AGGRESSIVE;
				CLANG_WARN_UNREACHABLE_CODE = YES;
				CLANG_WARN__DUPLICATE_METHOD_MATCH = YES;
				COPY_PHASE_STRIP = NO;
				DEBUG_INFORMATION_FORMAT = "dwarf-with-dsym";
				ENABLE_NS_ASSERTIONS = NO;
				ENABLE_STRICT_OBJC_MSGSEND = YES;
				GCC_C_LANGUAGE_STANDARD = gnu11;
				GCC_NO_COMMON_BLOCKS = YES;
				GCC_WARN_64_TO_32_BIT_CONVERSION = YES;
				GCC_WARN_ABOUT_RETURN_TYPE = YES_ERROR;
				GCC_WARN_UNDECLARED_SELECTOR = YES;
				GCC_WARN_UNINITIALIZED_AUTOS = YES_AGGRESSIVE;
				GCC_WARN_UNUSED_FUNCTION = YES;
				GCC_WARN_UNUSED_VARIABLE = YES;
				IPHONEOS_DEPLOYMENT_TARGET = 14.5;
				MTL_ENABLE_DEBUG_INFO = NO;
				MTL_FAST_MATH = YES;
				SDKROOT = iphoneos;
				SWIFT_COMPILATION_MODE = wholemodule;
				SWIFT_OPTIMIZATION_LEVEL = "-O";
				VALIDATE_PRODUCT = YES;
			};
			name = Release;
		};
		D488F64B26BC771E008DA6F7 /* Debug */ = {
			isa = XCBuildConfiguration;
			baseConfigurationReference = 791D55ADFFB2CA79CA6E2A28 /* Pods-RealTimeChatroom.debug.xcconfig */;
			buildSettings = {
				ASSETCATALOG_COMPILER_APPICON_NAME = AppIcon;
				ASSETCATALOG_COMPILER_GLOBAL_ACCENT_COLOR_NAME = AccentColor;
				CODE_SIGN_STYLE = Automatic;
				INFOPLIST_FILE = RealTimeChatApp/Info.plist;
				IPHONEOS_DEPLOYMENT_TARGET = 14.5;
				LD_RUNPATH_SEARCH_PATHS = (
					"$(inherited)",
					"@executable_path/Frameworks",
				);
				PRODUCT_BUNDLE_IDENTIFIER = com.yihsuan.RealTimeChatroom;
				PRODUCT_NAME = "$(TARGET_NAME)";
				SWIFT_VERSION = 5.0;
				TARGETED_DEVICE_FAMILY = "1,2";
			};
			name = Debug;
		};
		D488F64C26BC771E008DA6F7 /* Release */ = {
			isa = XCBuildConfiguration;
			baseConfigurationReference = 066478F52577EAAB6F0D0886 /* Pods-RealTimeChatroom.release.xcconfig */;
			buildSettings = {
				ASSETCATALOG_COMPILER_APPICON_NAME = AppIcon;
				ASSETCATALOG_COMPILER_GLOBAL_ACCENT_COLOR_NAME = AccentColor;
				CODE_SIGN_STYLE = Automatic;
				INFOPLIST_FILE = RealTimeChatApp/Info.plist;
				IPHONEOS_DEPLOYMENT_TARGET = 14.5;
				LD_RUNPATH_SEARCH_PATHS = (
					"$(inherited)",
					"@executable_path/Frameworks",
				);
				PRODUCT_BUNDLE_IDENTIFIER = com.yihsuan.RealTimeChatroom;
				PRODUCT_NAME = "$(TARGET_NAME)";
				SWIFT_VERSION = 5.0;
				TARGETED_DEVICE_FAMILY = "1,2";
			};
			name = Release;
		};
/* End XCBuildConfiguration section */

/* Begin XCConfigurationList section */
		D488F63126BC7717008DA6F7 /* Build configuration list for PBXProject "RealTimeChatroom" */ = {
			isa = XCConfigurationList;
			buildConfigurations = (
				D488F64826BC771E008DA6F7 /* Debug */,
				D488F64926BC771E008DA6F7 /* Release */,
			);
			defaultConfigurationIsVisible = 0;
			defaultConfigurationName = Release;
		};
		D488F64A26BC771E008DA6F7 /* Build configuration list for PBXNativeTarget "RealTimeChatroom" */ = {
			isa = XCConfigurationList;
			buildConfigurations = (
				D488F64B26BC771E008DA6F7 /* Debug */,
				D488F64C26BC771E008DA6F7 /* Release */,
			);
			defaultConfigurationIsVisible = 0;
			defaultConfigurationName = Release;
		};
/* End XCConfigurationList section */
	};
	rootObject = D488F62E26BC7717008DA6F7 /* Project object */;
}
